
Microsoft Visual Studio Solution File, Format Version 12.00
# Visual Studio Version 17
VisualStudioVersion = 17.11.35303.130
MinimumVisualStudioVersion = 10.0.40219.1
Project("{FAE04EC0-301F-11D3-BF4B-00C04F79EFBC}") = "MVC", "MVC\MVC.csproj", "{B056BF05-B728-4039-A3AE-3141B631CB50}"
EndProject
Global
	GlobalSection(SolutionConfigurationPlatforms) = preSolution
		Debug|Any CPU = Debug|Any CPU
		Release|Any CPU = Release|Any CPU
	EndGlobalSection
	GlobalSection(ProjectConfigurationPlatforms) = postSolution
		{B056BF05-B728-4039-A3AE-3141B631CB50}.Debug|Any CPU.ActiveCfg = Debug|Any CPU
		{B056BF05-B728-4039-A3AE-3141B631CB50}.Debug|Any CPU.Build.0 = Debug|Any CPU
		{B056BF05-B728-4039-A3AE-3141B631CB50}.Release|Any CPU.ActiveCfg = Release|Any CPU
		{B056BF05-B728-4039-A3AE-3141B631CB50}.Release|Any CPU.Build.0 = Release|Any CPU
	EndGlobalSection
	GlobalSection(SolutionProperties) = preSolution
		HideSolutionNode = FALSE
	EndGlobalSection
	GlobalSection(ExtensibilityGlobals) = postSolution
		SolutionGuid = {13F460FA-E1DC-4FC6-86BC-3F000039277D}
	EndGlobalSection
EndGlobal
